
Microsoft Visual Studio Solution File, Format Version 12.00
# Visual Studio Version 17
VisualStudioVersion = 17.14.36811.4 d17.14
MinimumVisualStudioVersion = 10.0.40219.1
Project("{FAE04EC0-301F-11D3-BF4B-00C04F79EFBC}") = "DapperStd-eCommerce", "DapperStd-eCommerce\DapperStd-eCommerce.csproj", "{13A92297-3F12-4EAC-95FC-5E84388C0A18}"
EndProject
Global
	GlobalSection(SolutionConfigurationPlatforms) = preSolution
		Debug|Any CPU = Debug|Any CPU
		Release|Any CPU = Release|Any CPU
	EndGlobalSection
	GlobalSection(ProjectConfigurationPlatforms) = postSolution
		{13A92297-3F12-4EAC-95FC-5E84388C0A18}.Debug|Any CPU.ActiveCfg = Debug|Any CPU
		{13A92297-3F12-4EAC-95FC-5E84388C0A18}.Debug|Any CPU.Build.0 = Debug|Any CPU
		{13A92297-3F12-4EAC-95FC-5E84388C0A18}.Release|Any CPU.ActiveCfg = Release|Any CPU
		{13A92297-3F12-4EAC-95FC-5E84388C0A18}.Release|Any CPU.Build.0 = Release|Any CPU
	EndGlobalSection
	GlobalSection(SolutionProperties) = preSolution
		HideSolutionNode = FALSE
	EndGlobalSection
	GlobalSection(ExtensibilityGlobals) = postSolution
		SolutionGuid = {E61BDFF4-1F3F-4F78-AC32-1829F3FBFDC7}
	EndGlobalSection
EndGlobal
